{
  "version": 4,
  "terraform_version": "1.8.0",
  "serial": 11,
  "lineage": "94bf62cf-48c8-5fb1-218f-aa263b792046",
  "outputs": {
    "client_certificate": {
      "value": "",
      "type": "string"
    },
    "cluster_endpoint": {
      "value": "34.22.235.76",
      "type": "string"
    },
    "cluster_name": {
      "value": "cluster-1",
      "type": "string"
    },
    "network_name": {
      "value": "network-1",
      "type": "string"
    },
    "subnet_name": {
      "value": "subnet-1",
      "type": "string"
    }
  },
  "resources": [
    {
      "mode": "managed",
      "type": "google_compute_network",
      "name": "vpc_network",
      "provider": "provider[\"registry.terraform.io/hashicorp/google\"]",
      "instances": [
        {
          "schema_version": 0,
          "attributes": {
            "auto_create_subnetworks": false,
            "delete_default_routes_on_create": false,
            "description": "",
            "gateway_ipv4": "",
            "id": "projects/reference-node-434715-i6/global/networks/network-1",
            "mtu": 0,
            "name": "network-1",
            "project": "reference-node-434715-i6",
            "routing_mode": "REGIONAL",
            "self_link": "https://www.googleapis.com/compute/v1/projects/reference-node-434715-i6/global/networks/network-1",
            "timeouts": null
          },
          "sensitive_attributes": [],
          "private": "eyJlMmJmYjczMC1lY2FhLTExZTYtOGY4OC0zNDM2M2JjN2M0YzAiOnsiY3JlYXRlIjoyNDAwMDAwMDAwMDAsImRlbGV0ZSI6MjQwMDAwMDAwMDAwLCJ1cGRhdGUiOjI0MDAwMDAwMDAwMH19"
        }
      ]
    },
    {
      "mode": "managed",
      "type": "google_compute_subnetwork",
      "name": "vpc_subnet",
      "provider": "provider[\"registry.terraform.io/hashicorp/google\"]",
      "instances": [
        {
          "schema_version": 0,
          "attributes": {
            "creation_timestamp": "2024-09-14T22:23:09.434-07:00",
            "description": "",
            "external_ipv6_prefix": "",
            "fingerprint": null,
            "gateway_address": "10.0.0.1",
            "id": "projects/reference-node-434715-i6/regions/europe-west1/subnetworks/subnet-1",
            "ip_cidr_range": "10.0.0.0/16",
            "ipv6_access_type": "",
            "ipv6_cidr_range": "",
            "log_config": [],
            "name": "subnet-1",
            "network": "https://www.googleapis.com/compute/v1/projects/reference-node-434715-i6/global/networks/network-1",
            "private_ip_google_access": false,
            "private_ipv6_google_access": "DISABLE_GOOGLE_ACCESS",
            "project": "reference-node-434715-i6",
            "purpose": "PRIVATE",
            "region": "europe-west1",
            "role": "",
            "secondary_ip_range": [],
            "self_link": "https://www.googleapis.com/compute/v1/projects/reference-node-434715-i6/regions/europe-west1/subnetworks/subnet-1",
            "stack_type": "IPV4_ONLY",
            "timeouts": null
          },
          "sensitive_attributes": [],
          "private": "eyJlMmJmYjczMC1lY2FhLTExZTYtOGY4OC0zNDM2M2JjN2M0YzAiOnsiY3JlYXRlIjozNjAwMDAwMDAwMDAsImRlbGV0ZSI6MzYwMDAwMDAwMDAwLCJ1cGRhdGUiOjM2MDAwMDAwMDAwMH19",
          "dependencies": [
            "google_compute_network.vpc_network"
          ]
        }
      ]
    },
    {
      "mode": "managed",
      "type": "google_container_cluster",
      "name": "primary_cluster",
      "provider": "provider[\"registry.terraform.io/hashicorp/google\"]",
      "instances": [
        {
          "schema_version": 1,
          "attributes": {
            "addons_config": [
              {
                "cloudrun_config": [],
                "horizontal_pod_autoscaling": [],
                "http_load_balancing": [],
                "network_policy_config": [
                  {
                    "disabled": true
                  }
                ]
              }
            ],
            "authenticator_groups_config": [],
            "cluster_autoscaling": [
              {
                "auto_provisioning_defaults": [],
                "enabled": false,
                "resource_limits": []
              }
            ],
            "cluster_ipv4_cidr": "10.88.0.0/14",
            "database_encryption": [
              {
                "key_name": "",
                "state": "DECRYPTED"
              }
            ],
            "datapath_provider": "",
            "default_max_pods_per_node": 110,
            "default_snat_status": [
              {
                "disabled": false
              }
            ],
            "description": "",
            "enable_autopilot": false,
            "enable_binary_authorization": false,
            "enable_intranode_visibility": false,
            "enable_kubernetes_alpha": false,
            "enable_legacy_abac": false,
            "enable_shielded_nodes": false,
            "enable_tpu": false,
            "endpoint": "34.22.235.76",
            "id": "projects/reference-node-434715-i6/locations/europe-west1/clusters/cluster-1",
            "initial_node_count": 1,
            "instance_group_urls": [
              "https://www.googleapis.com/compute/v1/projects/reference-node-434715-i6/zones/europe-west1-d/instanceGroups/gke-cluster-1-default-pool-1caee80e-grp",
              "https://www.googleapis.com/compute/v1/projects/reference-node-434715-i6/zones/europe-west1-c/instanceGroups/gke-cluster-1-default-pool-f6997c8c-grp",
              "https://www.googleapis.com/compute/v1/projects/reference-node-434715-i6/zones/europe-west1-b/instanceGroups/gke-cluster-1-default-pool-1505e228-grp"
            ],
            "ip_allocation_policy": [
              {
                "cluster_ipv4_cidr_block": "10.88.0.0/14",
                "cluster_secondary_range_name": "gke-cluster-1-pods-c55712d6",
                "services_ipv4_cidr_block": "34.118.224.0/20",
                "services_secondary_range_name": ""
              }
            ],
            "label_fingerprint": "a9dc16a7",
            "location": "europe-west1",
            "logging_config": [
              {
                "enable_components": [
                  "SYSTEM_COMPONENTS",
                  "WORKLOADS"
                ]
              }
            ],
            "logging_service": "logging.googleapis.com/kubernetes",
            "maintenance_policy": [],
            "master_auth": [
              {
                "client_certificate": "",
                "client_certificate_config": [
                  {
                    "issue_client_certificate": false
                  }
                ],
                "client_key": "",
                "cluster_ca_certificate": "LS0tLS1CRUdJTiBDRVJUSUZJQ0FURS0tLS0tCk1JSUVMRENDQXBTZ0F3SUJBZ0lRVlFXTGpTTVJEUmdRTGhWTDBRY1VIakFOQmdrcWhraUc5dzBCQVFzRkFEQXYKTVMwd0t3WURWUVFERXlSbVptRXpZbUkxTUMwNU4yUXpMVFJoTkdRdE9HRTBNQzAzTm1Rek9ERTJNVGswT0RVdwpJQmNOTWpRd09URTFNRFF5TXpNeVdoZ1BNakExTkRBNU1EZ3dOVEl6TXpKYU1DOHhMVEFyQmdOVkJBTVRKR1ptCllUTmlZalV3TFRrM1pETXROR0UwWkMwNFlUUXdMVGMyWkRNNE1UWXhPVFE0TlRDQ0FhSXdEUVlKS29aSWh2Y04KQVFFQkJRQURnZ0dQQURDQ0FZb0NnZ0dCQU5jd1RqUUZ1c2p5c0Mvd2taMEl4d3FSdTdlZ0NNN2g4dkFQRE5TVAoxVWl4KzF3ZU4wWU5SamJBMk5jM3JORnAvZkw3NDRqcmIyQmxtS2J0SVN5U2ZQcXpDaUcvSitQaVNSa1EvdlY2CjFyaWdmaTNoa1VHLytzdjgzZ1pXYVdMOXNvbzBQVklzRUo2cDd5UUducDM0amwxSW82cXRlYWduamtoSkdWOHcKeGh5TUVwanlGMUpONzkycDlxUnJFbE12Q3VZY3N1UXArQUJUL2ZzUG9teDhiQWpMOTFDVnZ6djZXTUpTTk11Rwp1Wjd0ejcrOXJCWGZlNVBVUzh1MUtlTHVWL0VKNVV6NUl0R096VHpTR25KSnN6RjIrZ2FwREZlT2Q0UWc5SkJtCm1lUitrNlN5d1hGWUZCcXlDLy9CMlVwSXkrL3llT205WEJWQjlPSUpyajVFNk9sSjZ2Nk9xY1NOMVJvTXF4YngKaTl5K2hYS1JZcldOWnFjVDlhbE4xQ2JoY0JRSkE4SkZpYkp4dUI1YkNPTjlieFREcDZ3ZlA0QlB4SHBmclJ6SQpPem55Z3pHMlRjQ095TDVTM1RVc0xnOFV5MnRJRy9WMFZlZnNkSmRZMExVUmxqbytnU0NQOGFQUUduQzBBelBuCnFjYllMbWxjZFNaejQvU1FiVERIRmQ1SnJRSURBUUFCbzBJd1FEQU9CZ05WSFE4QkFmOEVCQU1DQWdRd0R3WUQKVlIwVEFRSC9CQVV3QXdFQi96QWRCZ05WSFE0RUZnUVVOVGRJUHVEREdZaEpvdlZsbmEzKzRDOXl4Wjh3RFFZSgpLb1pJaHZjTkFRRUxCUUFEZ2dHQkFMQUVqSDJJL0JQT21DMSs2SWo2WmdXQXlpbUpIbS8vUThXbzRNM0xhNmZxCkFxQmlmR2RnTURoZVMrN2RLSDhNNXloVUlaclpyd0hvMXhTRVR5NjRRc2pKOXgrbnViMTFEcTFFbFdmbVJ6ZGwKa0RSWHhtK25semJ0OVAzZStQcktIRGEzUElqTXRmOE5IS3dTeWhIYTlwSmRlaTc1dC9UK3AwN3YwaXpUWXNiWgpsU2pxMERiQzdRWWJjQ0t0VjdMK2p6QWNqeUFXQ29NV3VhbHVnRWo1d3hUZkR5YlFHc2I2UXNzSDJSRVh5cE9aClc0L0dETnA1NWhRM3hLSWpMTUtUdjdLS2lSeGVNYTJ2SnBhY3VkTkR2TytzOXdFZzZNdjZiWit2YVNVbUgxY1MKS0FEaWFKMTR5dXdmMGh3WlVvT1dRUit1b1I1R2RKbStQZHpsNzgzNnZQTVkzbEVLUjBwU2ZscE5qZHlnV1R3SApFQTM2dXc1bTg4TG51N1BEZ2NEVmtQcElRVXlKVk02MDBHWkpYdlp1dHVUYnJJQ3B2eW5FeXBoQkR3bXJsUjl4CnAxMktmdnQzSzZ5M1lFenhCZjU4RCtLOUtyMGJzOVlkRGxkcS9yVWJ6ZlV3b2RraWdCcEZJMUYrNEVya1NVQWUKZjFXMzBCOWZuMElhbkNIejR1MnUyUT09Ci0tLS0tRU5EIENFUlRJRklDQVRFLS0tLS0K",
                "password": "",
                "username": ""
              }
            ],
            "master_authorized_networks_config": [],
            "master_version": "1.30.3-gke.1639000",
            "min_master_version": null,
            "monitoring_config": [
              {
                "enable_components": [
                  "SYSTEM_COMPONENTS",
                  "STORAGE",
                  "HPA",
                  "POD",
                  "DAEMONSET",
                  "DEPLOYMENT",
                  "STATEFULSET",
                  "CADVISOR",
                  "KUBELET"
                ]
              }
            ],
            "monitoring_service": "monitoring.googleapis.com/kubernetes",
            "name": "cluster-1",
            "network": "projects/reference-node-434715-i6/global/networks/network-1",
            "network_policy": [
              {
                "enabled": false,
                "provider": "PROVIDER_UNSPECIFIED"
              }
            ],
            "networking_mode": "VPC_NATIVE",
            "node_config": [
              {
                "disk_size_gb": 20,
                "disk_type": "pd-balanced",
                "guest_accelerator": [],
                "image_type": "COS_CONTAINERD",
                "labels": {},
                "local_ssd_count": 0,
                "machine_type": "e2-medium",
                "metadata": {
                  "disable-legacy-endpoints": "true"
                },
                "min_cpu_platform": "",
                "oauth_scopes": [
                  "https://www.googleapis.com/auth/devstorage.read_only",
                  "https://www.googleapis.com/auth/logging.write",
                  "https://www.googleapis.com/auth/monitoring",
                  "https://www.googleapis.com/auth/service.management.readonly",
                  "https://www.googleapis.com/auth/servicecontrol",
                  "https://www.googleapis.com/auth/trace.append"
                ],
                "preemptible": false,
                "service_account": "default",
                "shielded_instance_config": [
                  {
                    "enable_integrity_monitoring": true,
                    "enable_secure_boot": false
                  }
                ],
                "tags": null,
                "taint": [],
                "workload_metadata_config": []
              }
            ],
            "node_locations": [
              "europe-west1-b",
              "europe-west1-c",
              "europe-west1-d"
            ],
            "node_pool": [
              {
                "autoscaling": [],
                "initial_node_count": 1,
                "instance_group_urls": [
                  "https://www.googleapis.com/compute/v1/projects/reference-node-434715-i6/zones/europe-west1-d/instanceGroupManagers/gke-cluster-1-default-pool-1caee80e-grp",
                  "https://www.googleapis.com/compute/v1/projects/reference-node-434715-i6/zones/europe-west1-c/instanceGroupManagers/gke-cluster-1-default-pool-f6997c8c-grp",
                  "https://www.googleapis.com/compute/v1/projects/reference-node-434715-i6/zones/europe-west1-b/instanceGroupManagers/gke-cluster-1-default-pool-1505e228-grp"
                ],
                "management": [
                  {
                    "auto_repair": true,
                    "auto_upgrade": true
                  }
                ],
                "max_pods_per_node": 110,
                "name": "default-pool",
                "name_prefix": "",
                "node_config": [
                  {
                    "disk_size_gb": 20,
                    "disk_type": "pd-balanced",
                    "guest_accelerator": [],
                    "image_type": "COS_CONTAINERD",
                    "labels": {},
                    "local_ssd_count": 0,
                    "machine_type": "e2-medium",
                    "metadata": {
                      "disable-legacy-endpoints": "true"
                    },
                    "min_cpu_platform": "",
                    "oauth_scopes": [
                      "https://www.googleapis.com/auth/devstorage.read_only",
                      "https://www.googleapis.com/auth/logging.write",
                      "https://www.googleapis.com/auth/monitoring",
                      "https://www.googleapis.com/auth/service.management.readonly",
                      "https://www.googleapis.com/auth/servicecontrol",
                      "https://www.googleapis.com/auth/trace.append"
                    ],
                    "preemptible": false,
                    "service_account": "default",
                    "shielded_instance_config": [
                      {
                        "enable_integrity_monitoring": true,
                        "enable_secure_boot": false
                      }
                    ],
                    "tags": [],
                    "taint": [],
                    "workload_metadata_config": []
                  }
                ],
                "node_count": 1,
                "node_locations": [
                  "europe-west1-b",
                  "europe-west1-c",
                  "europe-west1-d"
                ],
                "upgrade_settings": [
                  {
                    "max_surge": 1,
                    "max_unavailable": 0
                  }
                ],
                "version": "1.30.3-gke.1639000"
              }
            ],
            "node_version": "1.30.3-gke.1639000",
            "operation": null,
            "pod_security_policy_config": [],
            "private_cluster_config": [
              {
                "enable_private_endpoint": false,
                "enable_private_nodes": false,
                "master_global_access_config": [
                  {
                    "enabled": false
                  }
                ],
                "master_ipv4_cidr_block": "",
                "peering_name": "",
                "private_endpoint": "10.0.0.2",
                "public_endpoint": "34.22.235.76"
              }
            ],
            "private_ipv6_google_access": "",
            "project": "reference-node-434715-i6",
            "release_channel": [
              {
                "channel": "REGULAR"
              }
            ],
            "remove_default_node_pool": null,
            "resource_labels": null,
            "resource_usage_export_config": [],
            "self_link": "https://container.googleapis.com/v1beta1/projects/reference-node-434715-i6/locations/europe-west1/clusters/cluster-1",
            "services_ipv4_cidr": "34.118.224.0/20",
            "subnetwork": "projects/reference-node-434715-i6/regions/europe-west1/subnetworks/subnet-1",
            "timeouts": null,
            "tpu_ipv4_cidr_block": "",
            "vertical_pod_autoscaling": [],
            "workload_identity_config": []
          },
          "sensitive_attributes": [
            [
              {
                "type": "get_attr",
                "value": "master_auth"
              },
              {
                "type": "index",
                "value": {
                  "value": 0,
                  "type": "number"
                }
              },
              {
                "type": "get_attr",
                "value": "client_key"
              }
            ],
            [
              {
                "type": "get_attr",
                "value": "master_auth"
              },
              {
                "type": "index",
                "value": {
                  "value": 0,
                  "type": "number"
                }
              },
              {
                "type": "get_attr",
                "value": "password"
              }
            ]
          ],
          "private": "eyJlMmJmYjczMC1lY2FhLTExZTYtOGY4OC0zNDM2M2JjN2M0YzAiOnsiY3JlYXRlIjoyNDAwMDAwMDAwMDAwLCJkZWxldGUiOjI0MDAwMDAwMDAwMDAsInJlYWQiOjI0MDAwMDAwMDAwMDAsInVwZGF0ZSI6MzYwMDAwMDAwMDAwMH0sInNjaGVtYV92ZXJzaW9uIjoiMSJ9",
          "dependencies": [
            "google_compute_network.vpc_network",
            "google_compute_subnetwork.vpc_subnet"
          ]
        }
      ]
    },
    {
      "mode": "managed",
      "type": "random_integer",
      "name": "int",
      "provider": "provider[\"registry.terraform.io/hashicorp/random\"]",
      "instances": [
        {
          "schema_version": 0,
          "attributes": {
            "id": "813047",
            "keepers": null,
            "max": 1000000,
            "min": 100,
            "result": 813047,
            "seed": null
          },
          "sensitive_attributes": []
        }
      ]
    }
  ],
  "check_results": null
}
