{
  "version": 4,
  "terraform_version": "1.8.0",
  "serial": 7,
  "lineage": "94bf62cf-48c8-5fb1-218f-aa263b792046",
  "outputs": {
    "client_certificate": {
      "value": "",
      "type": "string"
    },
    "cluster_endpoint": {
      "value": "34.140.32.50",
      "type": "string"
    },
    "cluster_name": {
      "value": "cluster",
      "type": "string"
    },
    "network_name": {
      "value": "network",
      "type": "string"
    },
    "subnet_name": {
      "value": "subnet",
      "type": "string"
    }
  },
  "resources": [
    {
      "mode": "managed",
      "type": "google_compute_network",
      "name": "vpc_network",
      "provider": "provider[\"registry.terraform.io/hashicorp/google\"]",
      "instances": [
        {
          "schema_version": 0,
          "attributes": {
            "auto_create_subnetworks": false,
            "delete_default_routes_on_create": false,
            "description": "",
            "gateway_ipv4": "",
            "id": "projects/reference-node-434715-i6/global/networks/a-network",
            "mtu": 0,
            "name": "a-network",
            "project": "reference-node-434715-i6",
            "routing_mode": "REGIONAL",
            "self_link": "https://www.googleapis.com/compute/v1/projects/reference-node-434715-i6/global/networks/a-network",
            "timeouts": null
          },
          "sensitive_attributes": [],
          "private": "eyJlMmJmYjczMC1lY2FhLTExZTYtOGY4OC0zNDM2M2JjN2M0YzAiOnsiY3JlYXRlIjoyNDAwMDAwMDAwMDAsImRlbGV0ZSI6MjQwMDAwMDAwMDAwLCJ1cGRhdGUiOjI0MDAwMDAwMDAwMH19"
        }
      ]
    },
    {
      "mode": "managed",
      "type": "google_compute_subnetwork",
      "name": "vpc_subnet",
      "provider": "provider[\"registry.terraform.io/hashicorp/google\"]",
      "instances": [
        {
          "schema_version": 0,
          "attributes": {
            "creation_timestamp": "2024-09-13T23:16:39.512-07:00",
            "description": "",
            "external_ipv6_prefix": "",
            "fingerprint": null,
            "gateway_address": "10.0.0.1",
            "id": "projects/reference-node-434715-i6/regions/europe-west1/subnetworks/a-subnet",
            "ip_cidr_range": "10.0.0.0/16",
            "ipv6_access_type": "",
            "ipv6_cidr_range": "",
            "log_config": [],
            "name": "a-subnet",
            "network": "https://www.googleapis.com/compute/v1/projects/reference-node-434715-i6/global/networks/a-network",
            "private_ip_google_access": true,
            "private_ipv6_google_access": "DISABLE_GOOGLE_ACCESS",
            "project": "reference-node-434715-i6",
            "purpose": "PRIVATE",
            "region": "europe-west1",
            "role": "",
            "secondary_ip_range": [
              {
                "ip_cidr_range": "10.208.0.0/14",
                "range_name": "gke-a-cluster-pods-a5b4168c"
              }
            ],
            "self_link": "https://www.googleapis.com/compute/v1/projects/reference-node-434715-i6/regions/europe-west1/subnetworks/a-subnet",
            "stack_type": "IPV4_ONLY",
            "timeouts": null
          },
          "sensitive_attributes": [],
          "private": "eyJlMmJmYjczMC1lY2FhLTExZTYtOGY4OC0zNDM2M2JjN2M0YzAiOnsiY3JlYXRlIjozNjAwMDAwMDAwMDAsImRlbGV0ZSI6MzYwMDAwMDAwMDAwLCJ1cGRhdGUiOjM2MDAwMDAwMDAwMH19",
          "dependencies": [
            "google_compute_network.vpc_network"
          ]
        }
      ]
    },
    {
      "mode": "managed",
      "type": "google_container_cluster",
      "name": "primary_cluster",
      "provider": "provider[\"registry.terraform.io/hashicorp/google\"]",
      "instances": [
        {
          "schema_version": 1,
          "attributes": {
            "addons_config": [
              {
                "cloudrun_config": [],
                "horizontal_pod_autoscaling": [],
                "http_load_balancing": [],
                "network_policy_config": [
                  {
                    "disabled": true
                  }
                ]
              }
            ],
            "authenticator_groups_config": [],
            "cluster_autoscaling": [
              {
                "auto_provisioning_defaults": [],
                "enabled": false,
                "resource_limits": []
              }
            ],
            "cluster_ipv4_cidr": "10.208.0.0/14",
            "database_encryption": [
              {
                "key_name": "",
                "state": "DECRYPTED"
              }
            ],
            "datapath_provider": "",
            "default_max_pods_per_node": 110,
            "default_snat_status": [
              {
                "disabled": false
              }
            ],
            "description": "",
            "enable_autopilot": false,
            "enable_binary_authorization": false,
            "enable_intranode_visibility": false,
            "enable_kubernetes_alpha": false,
            "enable_legacy_abac": false,
            "enable_shielded_nodes": false,
            "enable_tpu": false,
            "endpoint": "34.140.32.50",
            "id": "projects/reference-node-434715-i6/locations/europe-west1/clusters/a-cluster",
            "initial_node_count": 1,
            "instance_group_urls": [
              "https://www.googleapis.com/compute/v1/projects/reference-node-434715-i6/zones/europe-west1-b/instanceGroups/gke-a-cluster-default-pool-95841d2e-grp",
              "https://www.googleapis.com/compute/v1/projects/reference-node-434715-i6/zones/europe-west1-d/instanceGroups/gke-a-cluster-default-pool-d4596afb-grp",
              "https://www.googleapis.com/compute/v1/projects/reference-node-434715-i6/zones/europe-west1-c/instanceGroups/gke-a-cluster-default-pool-37f836e2-grp"
            ],
            "ip_allocation_policy": [
              {
                "cluster_ipv4_cidr_block": "10.208.0.0/14",
                "cluster_secondary_range_name": "gke-a-cluster-pods-a5b4168c",
                "services_ipv4_cidr_block": "34.118.224.0/20",
                "services_secondary_range_name": ""
              }
            ],
            "label_fingerprint": "a9dc16a7",
            "location": "europe-west1",
            "logging_config": [
              {
                "enable_components": [
                  "SYSTEM_COMPONENTS",
                  "WORKLOADS"
                ]
              }
            ],
            "logging_service": "logging.googleapis.com/kubernetes",
            "maintenance_policy": [],
            "master_auth": [
              {
                "client_certificate": "",
                "client_certificate_config": [
                  {
                    "issue_client_certificate": false
                  }
                ],
                "client_key": "",
                "cluster_ca_certificate": "LS0tLS1CRUdJTiBDRVJUSUZJQ0FURS0tLS0tCk1JSUVMVENDQXBXZ0F3SUJBZ0lSQUlXUmRHQUF3MW4xdUJZMzBVYmhidVV3RFFZSktvWklodmNOQVFFTEJRQXcKTHpFdE1Dc0dBMVVFQXhNa05ERTRaREF6TVdVdFlXVXpNaTAwTWpZd0xUZ3hNalF0TWpVeE1HUmtObVF4WXpjMwpNQ0FYRFRJME1Ea3hOREExTVRjd01sb1lEekl3TlRRd09UQTNNRFl4TnpBeVdqQXZNUzB3S3dZRFZRUURFeVEwCk1UaGtNRE14WlMxaFpUTXlMVFF5TmpBdE9ERXlOQzB5TlRFd1pHUTJaREZqTnpjd2dnR2lNQTBHQ1NxR1NJYjMKRFFFQkFRVUFBNElCandBd2dnR0tBb0lCZ1FEWDk1czZYQXpHL0NUeG9jRUppNFlrZ0d0TGJSOGtyWnZQRlZtUApKTHJQR3VjVzRHTkVBN01jS3dLckM2V3ZCSWxhUGdrcHpGc3BodWgvWElqdGQ4dk5SWjNFNlVJTnF3MFhMeXI0Cmkrbm1NaFhDZGJ2bnB2YWJBRmFmWXRSM1lxdjY2WGJqczZ3RHFyU20rSDQ1aHFyMTBIR0JzczdoQWlTTUd2bDQKMW9GREsrc1Fzbk9IaFVWTlc4UnY3SFlsRTdReXpjZ1IzNCs4RGx2OGh3d2NlMXR0QTNvc0tVU1JsOS9RM3BwawpldFFKcUw4SlA2VWpOcXBsZ1Z3aFlGODZxOXNnWi9uLzRRMHY2d0xSLzFGUm9ZN3ErcjVUaUJKdkg2RW03TENGCkt2bnlMMWh2eG1wR3I2Yk5vODdUTE9qUG9nNTdSV2d0OW43dmcwSjVaYUoyb2NoeHg2WGduTTNaNkpXSWh6cVYKcmJ3ZFlMWExzU0wxQ3lXVU56ZjVodC9vZGxkS1o4TW9xb0VmdzdaTkZuUk5MT2pXRTRwZUFMeVlmUEwwc1dPWQpYbEx4TThZamN6NjRrOGlZUnJTQ1pCaUJxdklQMThHOWtxSEZzTFRjUEM5S0plRGRWcXFtcWwvbW9FdkR1Z3hLCmlqNjd1QytVYXcwaFptazZ3NjlqaUlWaEI5TUNBd0VBQWFOQ01FQXdEZ1lEVlIwUEFRSC9CQVFEQWdJRU1BOEcKQTFVZEV3RUIvd1FGTUFNQkFmOHdIUVlEVlIwT0JCWUVGTVNUeU5ZTjlPNHBCRnpqS01HWUkwbmgvc01uTUEwRwpDU3FHU0liM0RRRUJDd1VBQTRJQmdRQUpaVDVSU0dIL2oxRng3TkxRdmYwY1VyaHpaRlVoUkdNd0ZXQU0vazlhCnRkaHo4RVdsdmNOQlVJRHFUQXNvcnNhcnBFN3RaSW1JNkdSMnc0Ri84YVRpSGw1NEE3UW1rZWxjc1ZCWHAwcjUKVmlwbXM0bU1seWRjL3VjRis0SE54eW5CQ1VFRktFNDFkNTd4V0V3ekZzeGZZR1lrQk16cllRaHVpRW5FNlg4NwpFWGtNajh3WVVDS1FkdjJXeG5WVUNvK2tQZDZJd25sSVk1S0pXZDhyODBDc1lxMFU3WFNRbEM4TE1ZWWVQenZ4CkZVdWhrbWdvL2JZWFlNZXpQdnZuK2lQUUVBS2cyT1luM05paWQxeGw0RXdleW1RR2NUVHZtTU9FM3dTdWE0WlAKRHlvYzhDLzhXUUdIazBNSFdMMlZ3RlZnWndSdGg4bXRjQ0d0TnBqakROUzQyc2Z2K0JlWVFGSGxlRnRkWFIrdApmS3ZKQXVYbElOT1gwcXl6MUoxbHJqaHR5ZjlWNmdYWlNRdXlyMUQvSmdvcmJPNVArYzBLRnNkSkM1dGo0eEVQClpMQjVXUk0rZzZidU53eG04ZWJNVUd0Ykp1dmJ4MGNLQTFraC93cVVJRUp6TVRtNk81U3lubDg3ZjBTVkhGREcKRFA0TVZhZk1CNTIrWG1ETWV5U0svOGc9Ci0tLS0tRU5EIENFUlRJRklDQVRFLS0tLS0K",
                "password": "",
                "username": ""
              }
            ],
            "master_authorized_networks_config": [],
            "master_version": "1.30.3-gke.1639000",
            "min_master_version": null,
            "monitoring_config": [
              {
                "enable_components": [
                  "SYSTEM_COMPONENTS",
                  "STATEFULSET",
                  "STORAGE",
                  "HPA",
                  "POD",
                  "DAEMONSET",
                  "DEPLOYMENT",
                  "CADVISOR",
                  "KUBELET"
                ]
              }
            ],
            "monitoring_service": "monitoring.googleapis.com/kubernetes",
            "name": "a-cluster",
            "network": "projects/reference-node-434715-i6/global/networks/a-network",
            "network_policy": [
              {
                "enabled": false,
                "provider": "PROVIDER_UNSPECIFIED"
              }
            ],
            "networking_mode": "VPC_NATIVE",
            "node_config": [
              {
                "disk_size_gb": 20,
                "disk_type": "pd-balanced",
                "guest_accelerator": [],
                "image_type": "COS_CONTAINERD",
                "labels": {},
                "local_ssd_count": 0,
                "machine_type": "e2-medium",
                "metadata": {
                  "disable-legacy-endpoints": "true"
                },
                "min_cpu_platform": "",
                "oauth_scopes": [
                  "https://www.googleapis.com/auth/devstorage.read_only",
                  "https://www.googleapis.com/auth/logging.write",
                  "https://www.googleapis.com/auth/monitoring",
                  "https://www.googleapis.com/auth/service.management.readonly",
                  "https://www.googleapis.com/auth/servicecontrol",
                  "https://www.googleapis.com/auth/trace.append"
                ],
                "preemptible": false,
                "service_account": "default",
                "shielded_instance_config": [
                  {
                    "enable_integrity_monitoring": true,
                    "enable_secure_boot": false
                  }
                ],
                "tags": [],
                "taint": [],
                "workload_metadata_config": []
              }
            ],
            "node_locations": [
              "europe-west1-b",
              "europe-west1-c",
              "europe-west1-d"
            ],
            "node_pool": [
              {
                "autoscaling": [],
                "initial_node_count": 1,
                "instance_group_urls": [
                  "https://www.googleapis.com/compute/v1/projects/reference-node-434715-i6/zones/europe-west1-b/instanceGroupManagers/gke-a-cluster-default-pool-95841d2e-grp",
                  "https://www.googleapis.com/compute/v1/projects/reference-node-434715-i6/zones/europe-west1-d/instanceGroupManagers/gke-a-cluster-default-pool-d4596afb-grp",
                  "https://www.googleapis.com/compute/v1/projects/reference-node-434715-i6/zones/europe-west1-c/instanceGroupManagers/gke-a-cluster-default-pool-37f836e2-grp"
                ],
                "management": [
                  {
                    "auto_repair": true,
                    "auto_upgrade": true
                  }
                ],
                "max_pods_per_node": 110,
                "name": "default-pool",
                "name_prefix": "",
                "node_config": [
                  {
                    "disk_size_gb": 20,
                    "disk_type": "pd-balanced",
                    "guest_accelerator": [],
                    "image_type": "COS_CONTAINERD",
                    "labels": {},
                    "local_ssd_count": 0,
                    "machine_type": "e2-medium",
                    "metadata": {
                      "disable-legacy-endpoints": "true"
                    },
                    "min_cpu_platform": "",
                    "oauth_scopes": [
                      "https://www.googleapis.com/auth/devstorage.read_only",
                      "https://www.googleapis.com/auth/logging.write",
                      "https://www.googleapis.com/auth/monitoring",
                      "https://www.googleapis.com/auth/service.management.readonly",
                      "https://www.googleapis.com/auth/servicecontrol",
                      "https://www.googleapis.com/auth/trace.append"
                    ],
                    "preemptible": false,
                    "service_account": "default",
                    "shielded_instance_config": [
                      {
                        "enable_integrity_monitoring": true,
                        "enable_secure_boot": false
                      }
                    ],
                    "tags": [],
                    "taint": [],
                    "workload_metadata_config": []
                  }
                ],
                "node_count": 1,
                "node_locations": [
                  "europe-west1-b",
                  "europe-west1-c",
                  "europe-west1-d"
                ],
                "upgrade_settings": [
                  {
                    "max_surge": 1,
                    "max_unavailable": 0
                  }
                ],
                "version": "1.30.3-gke.1639000"
              }
            ],
            "node_version": "1.30.3-gke.1639000",
            "operation": null,
            "pod_security_policy_config": [],
            "private_cluster_config": [
              {
                "enable_private_endpoint": false,
                "enable_private_nodes": false,
                "master_global_access_config": [
                  {
                    "enabled": false
                  }
                ],
                "master_ipv4_cidr_block": "",
                "peering_name": "",
                "private_endpoint": "10.0.0.2",
                "public_endpoint": "34.140.32.50"
              }
            ],
            "private_ipv6_google_access": "",
            "project": "reference-node-434715-i6",
            "release_channel": [
              {
                "channel": "REGULAR"
              }
            ],
            "remove_default_node_pool": null,
            "resource_labels": {},
            "resource_usage_export_config": [],
            "self_link": "https://container.googleapis.com/v1beta1/projects/reference-node-434715-i6/locations/europe-west1/clusters/a-cluster",
            "services_ipv4_cidr": "34.118.224.0/20",
            "subnetwork": "projects/reference-node-434715-i6/regions/europe-west1/subnetworks/a-subnet",
            "timeouts": null,
            "tpu_ipv4_cidr_block": "",
            "vertical_pod_autoscaling": [],
            "workload_identity_config": []
          },
          "sensitive_attributes": [
            [
              {
                "type": "get_attr",
                "value": "master_auth"
              },
              {
                "type": "index",
                "value": {
                  "value": 0,
                  "type": "number"
                }
              },
              {
                "type": "get_attr",
                "value": "client_key"
              }
            ],
            [
              {
                "type": "get_attr",
                "value": "master_auth"
              },
              {
                "type": "index",
                "value": {
                  "value": 0,
                  "type": "number"
                }
              },
              {
                "type": "get_attr",
                "value": "password"
              }
            ]
          ],
          "private": "eyJlMmJmYjczMC1lY2FhLTExZTYtOGY4OC0zNDM2M2JjN2M0YzAiOnsiY3JlYXRlIjoyNDAwMDAwMDAwMDAwLCJkZWxldGUiOjI0MDAwMDAwMDAwMDAsInJlYWQiOjI0MDAwMDAwMDAwMDAsInVwZGF0ZSI6MzYwMDAwMDAwMDAwMH0sInNjaGVtYV92ZXJzaW9uIjoiMSJ9",
          "dependencies": [
            "google_compute_network.vpc_network",
            "google_compute_subnetwork.vpc_subnet"
          ]
        }
      ]
    },
    {
      "mode": "managed",
      "type": "random_integer",
      "name": "int",
      "provider": "provider[\"registry.terraform.io/hashicorp/random\"]",
      "instances": [
        {
          "schema_version": 0,
          "attributes": {
            "id": "813047",
            "keepers": null,
            "max": 1000000,
            "min": 100,
            "result": 813047,
            "seed": null
          },
          "sensitive_attributes": []
        }
      ]
    }
  ],
  "check_results": null
}
